<?xml version="1.0" encoding="UTF-8"?>
<!DOCTYPE plist PUBLIC "-//Apple//DTD PLIST 1.0//EN" "http://www.apple.com/DTDs/PropertyList-1.0.dtd">
<plist version="1.0">
<dict>
	<key>archiveVersion</key>
	<string>1</string>
	<key>classes</key>
	<dict/>
	<key>objectVersion</key>
	<string>46</string>
	<key>objects</key>
	<dict>
		<key>05FCD35253DE7B62285171C9</key>
		<dict>
			<key>fileEncoding</key>
			<string>4</string>
			<key>isa</key>
			<string>PBXFileReference</string>
			<key>lastKnownFileType</key>
			<string>archive.ar</string>
			<key>name</key>
			<string>libc++.tbd</string>
			<key>path</key>
			<string>usr/lib/libc++.tbd</string>
			<key>sourceTree</key>
			<string>SDKROOT</string>
		</dict>
		<key>06EE780E23588D9121C92F2B</key>
		<dict>
			<key>fileEncoding</key>
			<string>4</string>
			<key>isa</key>
			<string>PBXFileReference</string>
			<key>lastKnownFileType</key>
			<string>wrapper.framework</string>
			<key>name</key>
			<string>CoreImage.framework</string>
			<key>path</key>
			<string>System/Library/Frameworks/CoreImage.framework</string>
			<key>sourceTree</key>
			<string>SDKROOT</string>
		</dict>
		<key>083F82A1BF1F33E1B1D0F86A</key>
		<dict>
			<key>fileRef</key>
			<string>954C83FB0E3E062C81A8AF27</string>
			<key>isa</key>
			<string>PBXBuildFile</string>
		</dict>
		<key>11D21E9464E886CC05C61B2A</key>
		<dict>
			<key>fileEncoding</key>
			<string>4</string>
			<key>isa</key>
			<string>PBXFileReference</string>
			<key>lastKnownFileType</key>
			<string>wrapper.framework</string>
			<key>name</key>
			<string>QuartzCore.framework</string>
			<key>path</key>
			<string>System/Library/Frameworks/QuartzCore.framework</string>
			<key>sourceTree</key>
			<string>SDKROOT</string>
		</dict>
		<key>155C24BE6751FB80B148E845</key>
		<dict>
			<key>fileEncoding</key>
			<string>4</string>
			<key>isa</key>
			<string>PBXFileReference</string>
			<key>lastKnownFileType</key>
			<string>wrapper.framework</string>
			<key>name</key>
			<string>ImageIO.framework</string>
			<key>path</key>
			<string>System/Library/Frameworks/ImageIO.framework</string>
			<key>sourceTree</key>
			<string>SDKROOT</string>
		</dict>
		<key>15C5B54753D1042476249DBE</key>
		<dict>
			<key>fileRef</key>
			<string>3DECAFEE1B3F2C4EA2E18340</string>
			<key>isa</key>
			<string>PBXBuildFile</string>
		</dict>
		<key>176A025AE014AF83E2434218</key>
		<dict>
			<key>fileRef</key>
			<string>BD1CDBDED922A61347DE1D49</string>
			<key>isa</key>
			<string>PBXBuildFile</string>
		</dict>
		<key>1D555F3968D730CE2B886B2F</key>
		<dict>
			<key>fileRef</key>
			<string>06EE780E23588D9121C92F2B</string>
			<key>isa</key>
			<string>PBXBuildFile</string>
		</dict>
		<key>1F7358F8D82AEEAD7D88EC3C</key>
		<dict>
			<key>fileEncoding</key>
			<string>4</string>
			<key>isa</key>
			<string>PBXFileReference</string>
			<key>lastKnownFileType</key>
			<string>wrapper.framework</string>
			<key>name</key>
			<string>UIKit.framework</string>
			<key>path</key>
			<string>System/Library/Frameworks/UIKit.framework</string>
			<key>sourceTree</key>
			<string>SDKROOT</string>
		</dict>
		<key>25F4501C284A748B90420501</key>
		<dict>
			<key>fileEncoding</key>
			<string>4</string>
			<key>isa</key>
			<string>PBXFileReference</string>
			<key>lastKnownFileType</key>
			<string>wrapper.framework</string>
			<key>name</key>
			<string>MessageUI.framework</string>
			<key>path</key>
			<string>System/Library/Frameworks/MessageUI.framework</string>
			<key>sourceTree</key>
			<string>SDKROOT</string>
		</dict>
		<key>2674C467B25F00C453CAB7EC</key>
		<dict>
			<key>fileRef</key>
			<string>BB22436266EAD58680A82D89</string>
			<key>isa</key>
			<string>PBXBuildFile</string>
		</dict>
		<key>30F58946F0249D5CBF9C6060</key>
		<dict>
			<key>fileRef</key>
			<string>1F7358F8D82AEEAD7D88EC3C</string>
			<key>isa</key>
			<string>PBXBuildFile</string>
		</dict>
		<key>348E1C1FD59EC2567810B6E2</key>
		<dict>
			<key>fileEncoding</key>
			<string>4</string>
			<key>isa</key>
			<string>PBXFileReference</string>
			<key>lastKnownFileType</key>
			<string>wrapper.framework</string>
			<key>name</key>
			<string>AVFoundation.framework</string>
			<key>path</key>
			<string>System/Library/Frameworks/AVFoundation.framework</string>
			<key>sourceTree</key>
			<string>SDKROOT</string>
		</dict>
		<key>36D2A025A39255DC6EEDFCEA</key>
		<dict>
			<key>fileEncoding</key>
			<string>4</string>
			<key>isa</key>
			<string>PBXFileReference</string>
			<key>lastKnownFileType</key>
			<string>text.plist.strings</string>
			<key>name</key>
			<string>info.plist</string>
			<key>path</key>
			<string>../../../AppCanPluginTools-iOS/resource/IDEPluginProjectPackageResource/info.plist</string>
			<key>sourceTree</key>
			<string>&lt;group&gt;</string>
		</dict>
		<key>3C20F10C19C685D600D30DC5</key>
		<dict>
			<key>fileEncoding</key>
			<string>4</string>
			<key>isa</key>
			<string>PBXFileReference</string>
			<key>lastKnownFileType</key>
			<string>sourcecode.c.h</string>
			<key>path</key>
			<string>MenuView.h</string>
			<key>sourceTree</key>
			<string>&lt;group&gt;</string>
		</dict>
		<key>3C20F10D19C685D600D30DC5</key>
		<dict>
			<key>fileEncoding</key>
			<string>4</string>
			<key>isa</key>
			<string>PBXFileReference</string>
			<key>lastKnownFileType</key>
			<string>sourcecode.c.objc</string>
			<key>path</key>
			<string>MenuView.m</string>
			<key>sourceTree</key>
			<string>&lt;group&gt;</string>
		</dict>
		<key>3C20F10E19C685D600D30DC5</key>
		<dict>
			<key>fileRef</key>
			<string>3C20F10D19C685D600D30DC5</string>
			<key>isa</key>
			<string>PBXBuildFile</string>
		</dict>
		<key>3C7D788B1994A9FA000D8179</key>
		<dict>
			<key>children</key>
			<array>
				<string>3C7D78991994A9FA000D8179</string>
				<string>3C7D78961994A9FA000D8179</string>
				<string>D6252FDD233DC4AEFA1F744B</string>
				<string>41623540A9E9E1A1F72650C5</string>
				<string>3C7D78951994A9FA000D8179</string>
			</array>
			<key>isa</key>
			<string>PBXGroup</string>
			<key>sourceTree</key>
			<string>&lt;group&gt;</string>
		</dict>
		<key>3C7D788C1994A9FA000D8179</key>
		<dict>
			<key>attributes</key>
			<dict>
				<key>LastUpgradeCheck</key>
				<string>0510</string>
				<key>ORGANIZATIONNAME</key>
				<string>com.appcan</string>
			</dict>
			<key>buildConfigurationList</key>
			<string>3C7D788F1994A9FA000D8179</string>
			<key>compatibilityVersion</key>
			<string>Xcode 3.2</string>
			<key>developmentRegion</key>
			<string>English</string>
			<key>hasScannedForEncodings</key>
			<string>0</string>
			<key>isa</key>
			<string>PBXProject</string>
			<key>knownRegions</key>
			<array>
				<string>en</string>
			</array>
			<key>mainGroup</key>
			<string>3C7D788B1994A9FA000D8179</string>
			<key>productRefGroup</key>
			<string>3C7D78951994A9FA000D8179</string>
			<key>projectDirPath</key>
			<string></string>
			<key>projectRoot</key>
			<string></string>
			<key>targets</key>
			<array>
				<string>3C7D78931994A9FA000D8179</string>
			</array>
		</dict>
		<key>3C7D788F1994A9FA000D8179</key>
		<dict>
			<key>buildConfigurations</key>
			<array>
				<string>3C7D78B51994A9FB000D8179</string>
				<string>3C7D78B61994A9FB000D8179</string>
			</array>
			<key>defaultConfigurationIsVisible</key>
			<string>0</string>
			<key>defaultConfigurationName</key>
			<string>Release</string>
			<key>isa</key>
			<string>XCConfigurationList</string>
		</dict>
		<key>3C7D78901994A9FA000D8179</key>
		<dict>
			<key>buildActionMask</key>
			<string>2147483647</string>
			<key>files</key>
			<array>
				<string>3C7D78D51994AAC5000D8179</string>
				<string>3C7D78D71994AAC5000D8179</string>
				<string>3C7D789F1994A9FA000D8179</string>
				<string>3C20F10E19C685D600D30DC5</string>
			</array>
			<key>isa</key>
			<string>PBXSourcesBuildPhase</string>
			<key>runOnlyForDeploymentPostprocessing</key>
			<string>0</string>
		</dict>
		<key>3C7D78911994A9FA000D8179</key>
		<dict>
			<key>buildActionMask</key>
			<string>2147483647</string>
			<key>files</key>
			<array>
				<string>3C7D78DB1994ABEB000D8179</string>
				<string>3C7D78981994A9FA000D8179</string>
				<string>D896C2E5EB168B6A7E663BEF</string>
				<string>D63FE82786E639AAE698A58C</string>
				<string>76CE803E32259DE74CA6A078</string>
				<string>7848391BE3C4C410001E5D70</string>
				<string>6EE6F7F350673F9F82E9E2C4</string>
				<string>92BE64FE743F35597958049B</string>
				<string>30F58946F0249D5CBF9C6060</string>
				<string>C8508A384B6E2DB7C58C3BD0</string>
				<string>B6BC1411B5CB7029821B5CE4</string>
				<string>1D555F3968D730CE2B886B2F</string>
				<string>5253F2D1049803DC149A42C0</string>
				<string>9FBDB5024F5005B6D53E88CD</string>
				<string>4968CD39826F630ED568C286</string>
				<string>9D85591EB30AD184CDE210D6</string>
				<string>F94364D999047AE86D9F017A</string>
				<string>2674C467B25F00C453CAB7EC</string>
				<string>083F82A1BF1F33E1B1D0F86A</string>
				<string>176A025AE014AF83E2434218</string>
				<string>15C5B54753D1042476249DBE</string>
			</array>
			<key>isa</key>
			<string>PBXFrameworksBuildPhase</string>
			<key>runOnlyForDeploymentPostprocessing</key>
			<string>0</string>
		</dict>
		<key>3C7D78931994A9FA000D8179</key>
		<dict>
			<key>buildConfigurationList</key>
			<string>3C7D78B71994A9FB000D8179</string>
			<key>buildPhases</key>
			<array>
				<string>3C7D78901994A9FA000D8179</string>
				<string>3C7D78911994A9FA000D8179</string>
			</array>
			<key>buildRules</key>
			<array/>
			<key>dependencies</key>
			<array/>
			<key>isa</key>
			<string>PBXNativeTarget</string>
			<key>name</key>
			<string>EUExSlidePager</string>
			<key>productName</key>
			<string>EUExSlidePager</string>
			<key>productReference</key>
			<string>3C7D78941994A9FA000D8179</string>
			<key>productType</key>
			<string>com.apple.product-type.framework</string>
		</dict>
		<key>3C7D78941994A9FA000D8179</key>
		<dict>
			<key>explicitFileType</key>
			<string>archive.ar</string>
			<key>includeInIndex</key>
			<string>0</string>
			<key>isa</key>
			<string>PBXFileReference</string>
			<key>name</key>
			<string>uexSlidePager.framework</string>
			<key>path</key>
			<string>uexSlidePager.framework</string>
			<key>sourceTree</key>
			<string>BUILT_PRODUCTS_DIR</string>
		</dict>
		<key>3C7D78951994A9FA000D8179</key>
		<dict>
			<key>children</key>
			<array>
				<string>3C7D78941994A9FA000D8179</string>
			</array>
			<key>isa</key>
			<string>PBXGroup</string>
			<key>name</key>
			<string>Products</string>
			<key>sourceTree</key>
			<string>&lt;group&gt;</string>
		</dict>
		<key>3C7D78961994A9FA000D8179</key>
		<dict>
			<key>children</key>
			<array>
				<string>3C7D78DA1994ABEB000D8179</string>
				<string>3C7D78971994A9FA000D8179</string>
				<string>3C7D78A51994A9FA000D8179</string>
			</array>
			<key>isa</key>
			<string>PBXGroup</string>
			<key>name</key>
			<string>Frameworks</string>
			<key>sourceTree</key>
			<string>&lt;group&gt;</string>
		</dict>
		<key>3C7D78971994A9FA000D8179</key>
		<dict>
			<key>isa</key>
			<string>PBXFileReference</string>
			<key>lastKnownFileType</key>
			<string>wrapper.framework</string>
			<key>name</key>
			<string>Foundation.framework</string>
			<key>path</key>
			<string>System/Library/Frameworks/Foundation.framework</string>
			<key>sourceTree</key>
			<string>SDKROOT</string>
		</dict>
		<key>3C7D78981994A9FA000D8179</key>
		<dict>
			<key>fileRef</key>
			<string>3C7D78971994A9FA000D8179</string>
			<key>isa</key>
			<string>PBXBuildFile</string>
		</dict>
		<key>3C7D78991994A9FA000D8179</key>
		<dict>
			<key>children</key>
			<array>
				<string>4250786C1D24F640003B6ECF</string>
				<string>3C7D78BD1994AABD000D8179</string>
				<string>3C7D789C1994A9FA000D8179</string>
				<string>3C7D789E1994A9FA000D8179</string>
				<string>3C7D78CA1994AAC5000D8179</string>
				<string>3C7D789A1994A9FA000D8179</string>
			</array>
			<key>isa</key>
			<string>PBXGroup</string>
			<key>path</key>
			<string>EUExSlidePager</string>
			<key>sourceTree</key>
			<string>&lt;group&gt;</string>
		</dict>
		<key>3C7D789A1994A9FA000D8179</key>
		<dict>
			<key>children</key>
			<array>
				<string>3C7D789B1994A9FA000D8179</string>
			</array>
			<key>isa</key>
			<string>PBXGroup</string>
			<key>name</key>
			<string>Supporting Files</string>
			<key>sourceTree</key>
			<string>&lt;group&gt;</string>
		</dict>
		<key>3C7D789B1994A9FA000D8179</key>
		<dict>
			<key>isa</key>
			<string>PBXFileReference</string>
			<key>lastKnownFileType</key>
			<string>sourcecode.c.h</string>
			<key>path</key>
			<string>EUExSlidePager-Prefix.pch</string>
			<key>sourceTree</key>
			<string>&lt;group&gt;</string>
		</dict>
		<key>3C7D789C1994A9FA000D8179</key>
		<dict>
			<key>isa</key>
			<string>PBXFileReference</string>
			<key>lastKnownFileType</key>
			<string>sourcecode.c.h</string>
			<key>path</key>
			<string>EUExSlidePager.h</string>
			<key>sourceTree</key>
			<string>&lt;group&gt;</string>
		</dict>
		<key>3C7D789E1994A9FA000D8179</key>
		<dict>
			<key>isa</key>
			<string>PBXFileReference</string>
			<key>lastKnownFileType</key>
			<string>sourcecode.c.objc</string>
			<key>path</key>
			<string>EUExSlidePager.m</string>
			<key>sourceTree</key>
			<string>&lt;group&gt;</string>
		</dict>
		<key>3C7D789F1994A9FA000D8179</key>
		<dict>
			<key>fileRef</key>
			<string>3C7D789E1994A9FA000D8179</string>
			<key>isa</key>
			<string>PBXBuildFile</string>
		</dict>
		<key>3C7D78A51994A9FA000D8179</key>
		<dict>
			<key>isa</key>
			<string>PBXFileReference</string>
			<key>lastKnownFileType</key>
			<string>wrapper.framework</string>
			<key>name</key>
			<string>XCTest.framework</string>
			<key>path</key>
			<string>Library/Frameworks/XCTest.framework</string>
			<key>sourceTree</key>
			<string>DEVELOPER_DIR</string>
		</dict>
		<key>3C7D78B51994A9FB000D8179</key>
		<dict>
			<key>buildSettings</key>
			<dict>
				<key>ALWAYS_SEARCH_USER_PATHS</key>
				<string>NO</string>
				<key>CLANG_CXX_LANGUAGE_STANDARD</key>
				<string>gnu++0x</string>
				<key>CLANG_CXX_LIBRARY</key>
				<string>libc++</string>
				<key>CLANG_ENABLE_MODULES</key>
				<string>YES</string>
				<key>CLANG_ENABLE_OBJC_ARC</key>
				<string>YES</string>
				<key>CLANG_WARN_BOOL_CONVERSION</key>
				<string>YES</string>
				<key>CLANG_WARN_CONSTANT_CONVERSION</key>
				<string>YES</string>
				<key>CLANG_WARN_DIRECT_OBJC_ISA_USAGE</key>
				<string>YES_ERROR</string>
				<key>CLANG_WARN_EMPTY_BODY</key>
				<string>YES</string>
				<key>CLANG_WARN_ENUM_CONVERSION</key>
				<string>YES</string>
				<key>CLANG_WARN_INT_CONVERSION</key>
				<string>YES</string>
				<key>CLANG_WARN_OBJC_ROOT_CLASS</key>
				<string>YES_ERROR</string>
				<key>CLANG_WARN__DUPLICATE_METHOD_MATCH</key>
				<string>YES</string>
				<key>COPY_PHASE_STRIP</key>
				<string>NO</string>
				<key>DEBUG_INFORMATION_FORMAT</key>
				<string>dwarf</string>
				<key>GCC_C_LANGUAGE_STANDARD</key>
				<string>gnu99</string>
				<key>GCC_DYNAMIC_NO_PIC</key>
				<string>NO</string>
				<key>GCC_OPTIMIZATION_LEVEL</key>
				<string>0</string>
				<key>GCC_PREPROCESSOR_DEFINITIONS</key>
				<array>
					<string>DEBUG=1</string>
					<string>$(inherited)</string>
				</array>
				<key>GCC_SYMBOLS_PRIVATE_EXTERN</key>
				<string>NO</string>
				<key>GCC_WARN_64_TO_32_BIT_CONVERSION</key>
				<string>YES</string>
				<key>GCC_WARN_ABOUT_RETURN_TYPE</key>
				<string>YES_ERROR</string>
				<key>GCC_WARN_UNDECLARED_SELECTOR</key>
				<string>YES</string>
				<key>GCC_WARN_UNINITIALIZED_AUTOS</key>
				<string>YES_AGGRESSIVE</string>
				<key>GCC_WARN_UNUSED_FUNCTION</key>
				<string>YES</string>
				<key>GCC_WARN_UNUSED_VARIABLE</key>
				<string>YES</string>
				<key>IPHONEOS_DEPLOYMENT_TARGET</key>
				<string>8.0</string>
				<key>ONLY_ACTIVE_ARCH</key>
				<string>YES</string>
				<key>SDKROOT</key>
				<string>iphoneos</string>
				<key>TARGETED_DEVICE_FAMILY</key>
				<string>1,2</string>
			</dict>
			<key>isa</key>
			<string>XCBuildConfiguration</string>
			<key>name</key>
			<string>Debug</string>
		</dict>
		<key>3C7D78B61994A9FB000D8179</key>
		<dict>
			<key>buildSettings</key>
			<dict>
				<key>ALWAYS_SEARCH_USER_PATHS</key>
				<string>NO</string>
				<key>CLANG_CXX_LANGUAGE_STANDARD</key>
				<string>gnu++0x</string>
				<key>CLANG_CXX_LIBRARY</key>
				<string>libc++</string>
				<key>CLANG_ENABLE_MODULES</key>
				<string>YES</string>
				<key>CLANG_ENABLE_OBJC_ARC</key>
				<string>YES</string>
				<key>CLANG_WARN_BOOL_CONVERSION</key>
				<string>YES</string>
				<key>CLANG_WARN_CONSTANT_CONVERSION</key>
				<string>YES</string>
				<key>CLANG_WARN_DIRECT_OBJC_ISA_USAGE</key>
				<string>YES_ERROR</string>
				<key>CLANG_WARN_EMPTY_BODY</key>
				<string>YES</string>
				<key>CLANG_WARN_ENUM_CONVERSION</key>
				<string>YES</string>
				<key>CLANG_WARN_INT_CONVERSION</key>
				<string>YES</string>
				<key>CLANG_WARN_OBJC_ROOT_CLASS</key>
				<string>YES_ERROR</string>
				<key>CLANG_WARN__DUPLICATE_METHOD_MATCH</key>
				<string>YES</string>
				<key>COPY_PHASE_STRIP</key>
				<string>YES</string>
				<key>DEBUG_INFORMATION_FORMAT</key>
				<string>dwarf</string>
				<key>ENABLE_NS_ASSERTIONS</key>
				<string>NO</string>
				<key>GCC_C_LANGUAGE_STANDARD</key>
				<string>gnu99</string>
				<key>GCC_WARN_64_TO_32_BIT_CONVERSION</key>
				<string>YES</string>
				<key>GCC_WARN_ABOUT_RETURN_TYPE</key>
				<string>YES_ERROR</string>
				<key>GCC_WARN_UNDECLARED_SELECTOR</key>
				<string>YES</string>
				<key>GCC_WARN_UNINITIALIZED_AUTOS</key>
				<string>YES_AGGRESSIVE</string>
				<key>GCC_WARN_UNUSED_FUNCTION</key>
				<string>YES</string>
				<key>GCC_WARN_UNUSED_VARIABLE</key>
				<string>YES</string>
				<key>IPHONEOS_DEPLOYMENT_TARGET</key>
				<string>8.0</string>
				<key>SDKROOT</key>
				<string>iphoneos</string>
				<key>TARGETED_DEVICE_FAMILY</key>
				<string>1,2</string>
				<key>VALIDATE_PRODUCT</key>
				<string>YES</string>
			</dict>
			<key>isa</key>
			<string>XCBuildConfiguration</string>
			<key>name</key>
			<string>Release</string>
		</dict>
		<key>3C7D78B71994A9FB000D8179</key>
		<dict>
			<key>buildConfigurations</key>
			<array>
				<string>3C7D78B81994A9FB000D8179</string>
				<string>3C7D78B91994A9FB000D8179</string>
			</array>
			<key>defaultConfigurationIsVisible</key>
			<string>0</string>
			<key>defaultConfigurationName</key>
			<string>Release</string>
			<key>isa</key>
			<string>XCConfigurationList</string>
		</dict>
		<key>3C7D78B81994A9FB000D8179</key>
		<dict>
			<key>buildSettings</key>
			<dict>
				<key>BUNDLE_IDENTIFIER</key>
				<string>com.zywx.runner</string>
				<key>CONFIGURATION_BUILD_DIR</key>
				<string>$(SRCROOT)/uexSlidePager/IDE/</string>
				<key>DEBUG_INFORMATION_FORMAT</key>
				<string>dwarf</string>
				<key>DEFINES_MODULE</key>
				<string>YES</string>
				<key>DSTROOT</key>
				<string>/tmp/EUExSlidePager.dst</string>
				<key>DYLIB_COMPATIBILITY_VERSION</key>
				<string>1</string>
				<key>DYLIB_CURRENT_VERSION</key>
				<string>1</string>
				<key>DYLIB_INSTALL_NAME_BASE</key>
				<string>@rpath</string>
				<key>ENABLE_BITCODE</key>
				<string>NO</string>
				<key>FRAMEWORK_SEARCH_PATHS</key>
				<array>
					<string>$(inherited)</string>
					<string>$(PROJECT_DIR)/EUExSlidePager</string>
					<string>$(PROJECT_DIR)</string>
					<string>$(SRCROOT)/../../AppCanPluginTools-iOS/resource/IDEPluginProjectPackageResource</string>
				</array>
				<key>GCC_PRECOMPILE_PREFIX_HEADER</key>
				<string>YES</string>
				<key>GCC_PREFIX_HEADER</key>
				<string>EUExSlidePager/EUExSlidePager-Prefix.pch</string>
				<key>HEADER_SEARCH_PATHS</key>
				<array>
					<string>$(SRCROOT)/../../AppCanPluginTools-iOS/resource/IDEPluginProjectPackageResource</string>
				</array>
				<key>INFOPLIST_FILE</key>
				<string>$(SRCROOT)/../../AppCanPluginTools-iOS/resource/IDEPluginProjectPackageResource/info.plist</string>
				<key>INSTALL_PATH</key>
				<string>$(LOCAL_LIBRARY_DIR)/Frameworks</string>
				<key>IPHONEOS_DEPLOYMENT_TARGET</key>
				<string>8.0</string>
				<key>LD_RUNPATH_SEARCH_PATHS</key>
				<array>
					<string>$(inherited)</string>
					<string>@executable_path/Frameworks</string>
					<string>@executable_path</string>
					<string>@loader_path/Frameworks</string>
					<string>@loader_path</string>
				</array>
				<key>LIBRARY_SEARCH_PATHS</key>
				<array>
					<string>$(inherited)</string>
					<string>$(SRCROOT)/../../AppCanPluginTools-iOS/resource/IDEPluginProjectPackageResource</string>
				</array>
				<key>OTHER_LDFLAGS</key>
				<array>
					<string>-ObjC</string>
					<string>$(SRCROOT)/../../AppCanPluginTools-iOS/resource/IDEPluginProjectPackageResource/AppCanKit.framework/AppCanKit</string>
				</array>
				<key>PRODUCT_NAME</key>
				<string>uexSlidePager</string>
				<key>PROVISIONING_PROFILE</key>
				<string>3046553f-5c0d-4f94-8f3c-dd49ce267880</string>
				<key>SKIP_INSTALL</key>
				<string>YES</string>
			</dict>
			<key>isa</key>
			<string>XCBuildConfiguration</string>
			<key>name</key>
			<string>Debug</string>
		</dict>
		<key>3C7D78B91994A9FB000D8179</key>
		<dict>
			<key>buildSettings</key>
			<dict>
				<key>BUNDLE_IDENTIFIER</key>
				<string>com.zywx.runner</string>
				<key>CONFIGURATION_BUILD_DIR</key>
				<string>$(SRCROOT)/uexSlidePager/IDE/</string>
				<key>DEBUG_INFORMATION_FORMAT</key>
				<string>dwarf</string>
				<key>DEFINES_MODULE</key>
				<string>YES</string>
				<key>DSTROOT</key>
				<string>/tmp/EUExSlidePager.dst</string>
				<key>DYLIB_COMPATIBILITY_VERSION</key>
				<string>1</string>
				<key>DYLIB_CURRENT_VERSION</key>
				<string>1</string>
				<key>DYLIB_INSTALL_NAME_BASE</key>
				<string>@rpath</string>
				<key>ENABLE_BITCODE</key>
				<string>NO</string>
				<key>FRAMEWORK_SEARCH_PATHS</key>
				<array>
					<string>$(inherited)</string>
					<string>$(PROJECT_DIR)/EUExSlidePager</string>
					<string>$(PROJECT_DIR)</string>
					<string>$(SRCROOT)/../../AppCanPluginTools-iOS/resource/IDEPluginProjectPackageResource</string>
				</array>
				<key>GCC_PRECOMPILE_PREFIX_HEADER</key>
				<string>YES</string>
				<key>GCC_PREFIX_HEADER</key>
				<string>EUExSlidePager/EUExSlidePager-Prefix.pch</string>
				<key>HEADER_SEARCH_PATHS</key>
				<array>
					<string>$(SRCROOT)/../../AppCanPluginTools-iOS/resource/IDEPluginProjectPackageResource</string>
				</array>
				<key>INFOPLIST_FILE</key>
				<string>$(SRCROOT)/../../AppCanPluginTools-iOS/resource/IDEPluginProjectPackageResource/info.plist</string>
				<key>INSTALL_PATH</key>
				<string>$(LOCAL_LIBRARY_DIR)/Frameworks</string>
				<key>IPHONEOS_DEPLOYMENT_TARGET</key>
				<string>8.0</string>
				<key>LD_RUNPATH_SEARCH_PATHS</key>
				<array>
					<string>$(inherited)</string>
					<string>@executable_path/Frameworks</string>
					<string>@executable_path</string>
					<string>@loader_path/Frameworks</string>
					<string>@loader_path</string>
				</array>
				<key>LIBRARY_SEARCH_PATHS</key>
				<array>
					<string>$(inherited)</string>
					<string>$(SRCROOT)/../../AppCanPluginTools-iOS/resource/IDEPluginProjectPackageResource</string>
				</array>
				<key>OTHER_LDFLAGS</key>
				<array>
					<string>-ObjC</string>
					<string>$(SRCROOT)/../../AppCanPluginTools-iOS/resource/IDEPluginProjectPackageResource/AppCanKit.framework/AppCanKit</string>
				</array>
				<key>PRODUCT_NAME</key>
				<string>uexSlidePager</string>
				<key>PROVISIONING_PROFILE</key>
				<string>3046553f-5c0d-4f94-8f3c-dd49ce267880</string>
				<key>SKIP_INSTALL</key>
				<string>YES</string>
			</dict>
			<key>isa</key>
			<string>XCBuildConfiguration</string>
			<key>name</key>
			<string>Release</string>
		</dict>
		<key>3C7D78BD1994AABD000D8179</key>
		<dict>
			<key>children</key>
			<array>
				<string>3C80C0821A2DA07100A3D8B9</string>
			</array>
			<key>isa</key>
			<string>PBXGroup</string>
			<key>path</key>
			<string>engineHeader</string>
			<key>sourceTree</key>
			<string>&lt;group&gt;</string>
		</dict>
		<key>3C7D78CA1994AAC5000D8179</key>
		<dict>
			<key>children</key>
			<array>
				<string>3C20F10C19C685D600D30DC5</string>
				<string>3C20F10D19C685D600D30DC5</string>
				<string>3C7D78CB1994AAC5000D8179</string>
				<string>3C7D78CC1994AAC5000D8179</string>
				<string>3C7D78CF1994AAC5000D8179</string>
				<string>3C7D78D01994AAC5000D8179</string>
			</array>
			<key>isa</key>
			<string>PBXGroup</string>
			<key>path</key>
			<string>sourceCode</string>
			<key>sourceTree</key>
			<string>&lt;group&gt;</string>
		</dict>
		<key>3C7D78CB1994AAC5000D8179</key>
		<dict>
			<key>fileEncoding</key>
			<string>4</string>
			<key>isa</key>
			<string>PBXFileReference</string>
			<key>lastKnownFileType</key>
			<string>sourcecode.c.h</string>
			<key>path</key>
			<string>BottomScrollView.h</string>
			<key>sourceTree</key>
			<string>&lt;group&gt;</string>
		</dict>
		<key>3C7D78CC1994AAC5000D8179</key>
		<dict>
			<key>fileEncoding</key>
			<string>4</string>
			<key>isa</key>
			<string>PBXFileReference</string>
			<key>lastKnownFileType</key>
			<string>sourcecode.c.objc</string>
			<key>path</key>
			<string>BottomScrollView.m</string>
			<key>sourceTree</key>
			<string>&lt;group&gt;</string>
		</dict>
		<key>3C7D78CF1994AAC5000D8179</key>
		<dict>
			<key>fileEncoding</key>
			<string>4</string>
			<key>isa</key>
			<string>PBXFileReference</string>
			<key>lastKnownFileType</key>
			<string>sourcecode.c.h</string>
			<key>path</key>
			<string>MainScrollView.h</string>
			<key>sourceTree</key>
			<string>&lt;group&gt;</string>
		</dict>
		<key>3C7D78D01994AAC5000D8179</key>
		<dict>
			<key>fileEncoding</key>
			<string>4</string>
			<key>isa</key>
			<string>PBXFileReference</string>
			<key>lastKnownFileType</key>
			<string>sourcecode.c.objc</string>
			<key>path</key>
			<string>MainScrollView.m</string>
			<key>sourceTree</key>
			<string>&lt;group&gt;</string>
		</dict>
		<key>3C7D78D51994AAC5000D8179</key>
		<dict>
			<key>fileRef</key>
			<string>3C7D78CC1994AAC5000D8179</string>
			<key>isa</key>
			<string>PBXBuildFile</string>
		</dict>
		<key>3C7D78D71994AAC5000D8179</key>
		<dict>
			<key>fileRef</key>
			<string>3C7D78D01994AAC5000D8179</string>
			<key>isa</key>
			<string>PBXBuildFile</string>
		</dict>
		<key>3C7D78DA1994ABEB000D8179</key>
		<dict>
			<key>isa</key>
			<string>PBXFileReference</string>
			<key>lastKnownFileType</key>
			<string>wrapper.framework</string>
			<key>name</key>
			<string>UIKit.framework</string>
			<key>path</key>
			<string>System/Library/Frameworks/UIKit.framework</string>
			<key>sourceTree</key>
			<string>SDKROOT</string>
		</dict>
		<key>3C7D78DB1994ABEB000D8179</key>
		<dict>
			<key>fileRef</key>
			<string>3C7D78DA1994ABEB000D8179</string>
			<key>isa</key>
			<string>PBXBuildFile</string>
		</dict>
		<key>3C80C0821A2DA07100A3D8B9</key>
		<dict>
			<key>fileEncoding</key>
			<string>4</string>
			<key>isa</key>
			<string>PBXFileReference</string>
			<key>lastKnownFileType</key>
			<string>sourcecode.c.h</string>
			<key>path</key>
			<string>FileEncrypt.h</string>
			<key>sourceTree</key>
			<string>&lt;group&gt;</string>
		</dict>
		<key>3DECAFEE1B3F2C4EA2E18340</key>
		<dict>
			<key>fileEncoding</key>
			<string>4</string>
			<key>isa</key>
			<string>PBXFileReference</string>
			<key>lastKnownFileType</key>
			<string>wrapper.framework</string>
			<key>name</key>
			<string>AppCanEngine.framework</string>
			<key>path</key>
			<string>../../../AppCanPluginTools-iOS/resource/IDEPluginProjectPackageResource/AppCanEngine.framework</string>
			<key>sourceTree</key>
			<string>&lt;group&gt;</string>
		</dict>
		<key>41623540A9E9E1A1F72650C5</key>
		<dict>
			<key>children</key>
			<array>
				<string>3DECAFEE1B3F2C4EA2E18340</string>
				<string>36D2A025A39255DC6EEDFCEA</string>
			</array>
			<key>isa</key>
			<string>PBXGroup</string>
			<key>path</key>
			<string>AppCanEngine</string>
			<key>sourceTree</key>
			<string>&lt;group&gt;</string>
		</dict>
		<key>4250786D1D24F640003B6ECF</key>
		<dict>
			<key>fileRef</key>
			<string>4250786C1D24F640003B6ECF</string>
			<key>isa</key>
			<string>PBXBuildFile</string>
		</dict>
		<key>4968CD39826F630ED568C286</key>
		<dict>
			<key>fileRef</key>
			<string>C3D721CAEA302D6319DD25B8</string>
			<key>isa</key>
			<string>PBXBuildFile</string>
		</dict>
		<key>5253F2D1049803DC149A42C0</key>
		<dict>
			<key>fileRef</key>
			<string>649AD534CBA2D52F599C03DF</string>
			<key>isa</key>
			<string>PBXBuildFile</string>
		</dict>
		<key>61762C63C39AB7A35406D9C0</key>
		<dict>
			<key>fileEncoding</key>
			<string>4</string>
			<key>isa</key>
			<string>PBXFileReference</string>
			<key>lastKnownFileType</key>
			<string>wrapper.framework</string>
			<key>name</key>
			<string>SystemConfiguration.framework</string>
			<key>path</key>
			<string>System/Library/Frameworks/SystemConfiguration.framework</string>
			<key>sourceTree</key>
			<string>SDKROOT</string>
		</dict>
		<key>61D775536FDA1F0A07CB0E9A</key>
		<dict>
			<key>fileEncoding</key>
			<string>4</string>
			<key>isa</key>
			<string>PBXFileReference</string>
			<key>lastKnownFileType</key>
			<string>wrapper.framework</string>
			<key>name</key>
			<string>MapKit.framework</string>
			<key>path</key>
			<string>System/Library/Frameworks/MapKit.framework</string>
			<key>sourceTree</key>
			<string>SDKROOT</string>
		</dict>
		<key>649AD534CBA2D52F599C03DF</key>
		<dict>
			<key>fileEncoding</key>
			<string>4</string>
			<key>isa</key>
			<string>PBXFileReference</string>
			<key>lastKnownFileType</key>
			<string>wrapper.framework</string>
			<key>name</key>
			<string>CoreLocation.framework</string>
			<key>path</key>
			<string>System/Library/Frameworks/CoreLocation.framework</string>
			<key>sourceTree</key>
			<string>SDKROOT</string>
		</dict>
		<key>6EE6F7F350673F9F82E9E2C4</key>
		<dict>
			<key>fileRef</key>
			<string>AF60D5E896F2BB7337197FC3</string>
			<key>isa</key>
			<string>PBXBuildFile</string>
		</dict>
		<key>76CE803E32259DE74CA6A078</key>
		<dict>
			<key>fileRef</key>
			<string>61762C63C39AB7A35406D9C0</string>
			<key>isa</key>
			<string>PBXBuildFile</string>
		</dict>
		<key>7848391BE3C4C410001E5D70</key>
		<dict>
			<key>fileRef</key>
			<string>155C24BE6751FB80B148E845</string>
			<key>isa</key>
			<string>PBXBuildFile</string>
		</dict>
		<key>92BE64FE743F35597958049B</key>
		<dict>
			<key>fileRef</key>
			<string>EE28117716456F8A37EFABB7</string>
			<key>isa</key>
			<string>PBXBuildFile</string>
		</dict>
		<key>954C83FB0E3E062C81A8AF27</key>
		<dict>
			<key>fileEncoding</key>
			<string>4</string>
			<key>isa</key>
			<string>PBXFileReference</string>
			<key>lastKnownFileType</key>
			<string>archive.ar</string>
			<key>name</key>
			<string>libsqlite3.tbd</string>
			<key>path</key>
			<string>usr/lib/libsqlite3.tbd</string>
			<key>sourceTree</key>
			<string>SDKROOT</string>
		</dict>
		<key>9D85591EB30AD184CDE210D6</key>
		<dict>
			<key>fileRef</key>
			<string>348E1C1FD59EC2567810B6E2</string>
			<key>isa</key>
			<string>PBXBuildFile</string>
		</dict>
		<key>9FBDB5024F5005B6D53E88CD</key>
		<dict>
			<key>fileRef</key>
			<string>25F4501C284A748B90420501</string>
			<key>isa</key>
			<string>PBXBuildFile</string>
		</dict>
		<key>ABDAB95D9BFAFBBAC03DD696</key>
		<dict>
			<key>fileEncoding</key>
			<string>4</string>
			<key>isa</key>
			<string>PBXFileReference</string>
			<key>lastKnownFileType</key>
			<string>wrapper.framework</string>
			<key>name</key>
			<string>AudioToolbox.framework</string>
			<key>path</key>
			<string>System/Library/Frameworks/AudioToolbox.framework</string>
			<key>sourceTree</key>
			<string>SDKROOT</string>
		</dict>
		<key>AF60D5E896F2BB7337197FC3</key>
		<dict>
			<key>fileEncoding</key>
			<string>4</string>
			<key>isa</key>
			<string>PBXFileReference</string>
			<key>lastKnownFileType</key>
			<string>wrapper.framework</string>
			<key>name</key>
			<string>CFNetWork.framework</string>
			<key>path</key>
			<string>System/Library/Frameworks/CFNetWork.framework</string>
			<key>sourceTree</key>
			<string>SDKROOT</string>
		</dict>
		<key>B6BC1411B5CB7029821B5CE4</key>
		<dict>
			<key>fileRef</key>
			<string>11D21E9464E886CC05C61B2A</string>
			<key>isa</key>
			<string>PBXBuildFile</string>
		</dict>
		<key>BB22436266EAD58680A82D89</key>
		<dict>
			<key>fileEncoding</key>
			<string>4</string>
			<key>isa</key>
			<string>PBXFileReference</string>
			<key>lastKnownFileType</key>
			<string>archive.ar</string>
			<key>name</key>
			<string>libstdc++.tbd</string>
			<key>path</key>
			<string>usr/lib/libstdc++.tbd</string>
			<key>sourceTree</key>
			<string>SDKROOT</string>
		</dict>
		<key>BD1CDBDED922A61347DE1D49</key>
		<dict>
			<key>fileEncoding</key>
			<string>4</string>
			<key>isa</key>
			<string>PBXFileReference</string>
			<key>lastKnownFileType</key>
			<string>archive.ar</string>
			<key>name</key>
			<string>libz.tbd</string>
			<key>path</key>
			<string>usr/lib/libz.tbd</string>
			<key>sourceTree</key>
			<string>SDKROOT</string>
		</dict>
		<key>C3D721CAEA302D6319DD25B8</key>
		<dict>
			<key>fileEncoding</key>
			<string>4</string>
			<key>isa</key>
			<string>PBXFileReference</string>
			<key>lastKnownFileType</key>
			<string>wrapper.framework</string>
			<key>name</key>
			<string>Accelerate.framework</string>
			<key>path</key>
			<string>System/Library/Frameworks/Accelerate.framework</string>
			<key>sourceTree</key>
			<string>SDKROOT</string>
		</dict>
		<key>C8508A384B6E2DB7C58C3BD0</key>
		<dict>
			<key>fileRef</key>
			<string>E1706ADB40A6F9FC6E1FB2D0</string>
			<key>isa</key>
			<string>PBXBuildFile</string>
		</dict>
		<key>D6252FDD233DC4AEFA1F744B</key>
		<dict>
			<key>children</key>
			<array>
				<string>61D775536FDA1F0A07CB0E9A</string>
				<string>ABDAB95D9BFAFBBAC03DD696</string>
				<string>61762C63C39AB7A35406D9C0</string>
				<string>155C24BE6751FB80B148E845</string>
				<string>AF60D5E896F2BB7337197FC3</string>
				<string>EE28117716456F8A37EFABB7</string>
				<string>1F7358F8D82AEEAD7D88EC3C</string>
				<string>E1706ADB40A6F9FC6E1FB2D0</string>
				<string>11D21E9464E886CC05C61B2A</string>
				<string>06EE780E23588D9121C92F2B</string>
				<string>649AD534CBA2D52F599C03DF</string>
				<string>25F4501C284A748B90420501</string>
				<string>C3D721CAEA302D6319DD25B8</string>
				<string>348E1C1FD59EC2567810B6E2</string>
				<string>05FCD35253DE7B62285171C9</string>
				<string>BB22436266EAD58680A82D89</string>
				<string>954C83FB0E3E062C81A8AF27</string>
				<string>BD1CDBDED922A61347DE1D49</string>
			</array>
			<key>isa</key>
			<string>PBXGroup</string>
			<key>path</key>
			<string>IDE-Frameworks</string>
			<key>sourceTree</key>
			<string>&lt;group&gt;</string>
		</dict>
		<key>D63FE82786E639AAE698A58C</key>
		<dict>
			<key>fileRef</key>
			<string>ABDAB95D9BFAFBBAC03DD696</string>
			<key>isa</key>
			<string>PBXBuildFile</string>
		</dict>
		<key>D896C2E5EB168B6A7E663BEF</key>
		<dict>
			<key>fileRef</key>
			<string>61D775536FDA1F0A07CB0E9A</string>
			<key>isa</key>
			<string>PBXBuildFile</string>
		</dict>
		<key>E1706ADB40A6F9FC6E1FB2D0</key>
		<dict>
			<key>fileEncoding</key>
			<string>4</string>
			<key>isa</key>
			<string>PBXFileReference</string>
			<key>lastKnownFileType</key>
			<string>wrapper.framework</string>
			<key>name</key>
			<string>CoreGraphics.framework</string>
			<key>path</key>
			<string>System/Library/Frameworks/CoreGraphics.framework</string>
			<key>sourceTree</key>
			<string>SDKROOT</string>
		</dict>
		<key>EE28117716456F8A37EFABB7</key>
		<dict>
			<key>fileEncoding</key>
			<string>4</string>
			<key>isa</key>
			<string>PBXFileReference</string>
			<key>lastKnownFileType</key>
			<string>wrapper.framework</string>
			<key>name</key>
			<string>MobileCoreServices.framework</string>
			<key>path</key>
			<string>System/Library/Frameworks/MobileCoreServices.framework</string>
			<key>sourceTree</key>
			<string>SDKROOT</string>
		</dict>
		<key>F94364D999047AE86D9F017A</key>
		<dict>
			<key>fileRef</key>
			<string>05FCD35253DE7B62285171C9</string>
			<key>isa</key>
			<string>PBXBuildFile</string>
		</dict>
	</dict>
	<key>rootObject</key>
	<string>3C7D788C1994A9FA000D8179</string>
</dict>
</plist>
